// !$*UTF8*$!
{
	archiveVersion = 1;
	classes = {
	};
	objectVersion = 50;
	objects = {

/* Begin PBXBuildFile section */
		5D0941B9F44D11C667BDD052 /* Pods_PhotoGrid__iOS_.framework in Frameworks */ = {isa = PBXBuildFile; fileRef = 0C0E9A89A1B5C17AEBC8D067 /* Pods_PhotoGrid__iOS_.framework */; };
		E300A7D625F5789A009E42F7 /* PhotoLibraryProtocol.swift in Sources */ = {isa = PBXBuildFile; fileRef = E300A7D525F5789A009E42F7 /* PhotoLibraryProtocol.swift */; };
		E300A7DB25F578A6009E42F7 /* PhotoLibrary.swift in Sources */ = {isa = PBXBuildFile; fileRef = E300A7DA25F578A6009E42F7 /* PhotoLibrary.swift */; };
		E31617B725ED56C700BE29B5 /* PhotoStoreTests.swift in Sources */ = {isa = PBXBuildFile; fileRef = E31617B625ED56C700BE29B5 /* PhotoStoreTests.swift */; };
		E31617C825ED574700BE29B5 /* PhotoGridUITests.swift in Sources */ = {isa = PBXBuildFile; fileRef = E31617C725ED574700BE29B5 /* PhotoGridUITests.swift */; };
		E319906925E6EB96005D5C43 /* PhotoGridApp.swift in Sources */ = {isa = PBXBuildFile; fileRef = E319904025E6EB90005D5C43 /* PhotoGridApp.swift */; };
		E319906D25E6EB96005D5C43 /* Assets.xcassets in Resources */ = {isa = PBXBuildFile; fileRef = E319904225E6EB96005D5C43 /* Assets.xcassets */; };
		E319909325E6F93E005D5C43 /* Photo.swift in Sources */ = {isa = PBXBuildFile; fileRef = E319909225E6F93E005D5C43 /* Photo.swift */; };
		E319909B25E72B0D005D5C43 /* ImagePicker.swift in Sources */ = {isa = PBXBuildFile; fileRef = E319909A25E72B0D005D5C43 /* ImagePicker.swift */; };
		E31990A825E7E8D7005D5C43 /* PhotoStore.swift in Sources */ = {isa = PBXBuildFile; fileRef = E31990A725E7E8D7005D5C43 /* PhotoStore.swift */; };
		E385999625ED61BA00838573 /* FavoriteStoreTests.swift in Sources */ = {isa = PBXBuildFile; fileRef = E385999525ED61BA00838573 /* FavoriteStoreTests.swift */; };
		E38599F925EEC50900838573 /* UIDevice+isSimulator.swift in Sources */ = {isa = PBXBuildFile; fileRef = E38599F825EEC50900838573 /* UIDevice+isSimulator.swift */; };
		E3C85B8925E96F6A0038798C /* Message.swift in Sources */ = {isa = PBXBuildFile; fileRef = E3C85B8825E96F6A0038798C /* Message.swift */; };
		E3C85B9325E9D0760038798C /* DetailPhotoView.swift in Sources */ = {isa = PBXBuildFile; fileRef = E3C85B9225E9D0760038798C /* DetailPhotoView.swift */; };
		E3C85BA225E9DE700038798C /* FavoritesView.swift in Sources */ = {isa = PBXBuildFile; fileRef = E3C85BA125E9DE700038798C /* FavoritesView.swift */; };
		E3C85BA825EABA9B0038798C /* DetailsHeaderView.swift in Sources */ = {isa = PBXBuildFile; fileRef = E3C85BA725EABA9B0038798C /* DetailsHeaderView.swift */; };
		E3CE6E0B25EACF0F009E7C18 /* HomeView.swift in Sources */ = {isa = PBXBuildFile; fileRef = E3CE6E0A25EACF0F009E7C18 /* HomeView.swift */; };
		E3CE6E1525EACFA1009E7C18 /* HomeViewModel.swift in Sources */ = {isa = PBXBuildFile; fileRef = E3CE6E1425EACFA1009E7C18 /* HomeViewModel.swift */; };
		E3CE6E1B25EADCE7009E7C18 /* PHAsset+withImageRequest.swift in Sources */ = {isa = PBXBuildFile; fileRef = E3CE6E1A25EADCE7009E7C18 /* PHAsset+withImageRequest.swift */; };
		E3CE6E2125EAE884009E7C18 /* FavoriteStore.swift in Sources */ = {isa = PBXBuildFile; fileRef = E3CE6E2025EAE884009E7C18 /* FavoriteStore.swift */; };
/* End PBXBuildFile section */

/* Begin PBXContainerItemProxy section */
		E31617B925ED56C700BE29B5 /* PBXContainerItemProxy */ = {
			isa = PBXContainerItemProxy;
			containerPortal = E319903B25E6EB90005D5C43 /* Project object */;
			proxyType = 1;
			remoteGlobalIDString = E319904625E6EB96005D5C43;
			remoteInfo = "PhotoGrid (iOS)";
		};
		E31617CA25ED574700BE29B5 /* PBXContainerItemProxy */ = {
			isa = PBXContainerItemProxy;
			containerPortal = E319903B25E6EB90005D5C43 /* Project object */;
			proxyType = 1;
			remoteGlobalIDString = E319904625E6EB96005D5C43;
			remoteInfo = "PhotoGrid (iOS)";
		};
/* End PBXContainerItemProxy section */

/* Begin PBXFileReference section */
		0C0E9A89A1B5C17AEBC8D067 /* Pods_PhotoGrid__iOS_.framework */ = {isa = PBXFileReference; explicitFileType = wrapper.framework; includeInIndex = 0; path = Pods_PhotoGrid__iOS_.framework; sourceTree = BUILT_PRODUCTS_DIR; };
		76DE5340726828712EA23CC8 /* Pods-PhotoGrid (iOS).debug.xcconfig */ = {isa = PBXFileReference; includeInIndex = 1; lastKnownFileType = text.xcconfig; name = "Pods-PhotoGrid (iOS).debug.xcconfig"; path = "Target Support Files/Pods-PhotoGrid (iOS)/Pods-PhotoGrid (iOS).debug.xcconfig"; sourceTree = "<group>"; };
		B873461FD85D90E393FBBDF9 /* Pods-PhotoGrid (iOS).release.xcconfig */ = {isa = PBXFileReference; includeInIndex = 1; lastKnownFileType = text.xcconfig; name = "Pods-PhotoGrid (iOS).release.xcconfig"; path = "Target Support Files/Pods-PhotoGrid (iOS)/Pods-PhotoGrid (iOS).release.xcconfig"; sourceTree = "<group>"; };
		E300A7D525F5789A009E42F7 /* PhotoLibraryProtocol.swift */ = {isa = PBXFileReference; fileEncoding = 4; lastKnownFileType = sourcecode.swift; path = PhotoLibraryProtocol.swift; sourceTree = "<group>"; };
		E300A7DA25F578A6009E42F7 /* PhotoLibrary.swift */ = {isa = PBXFileReference; fileEncoding = 4; lastKnownFileType = sourcecode.swift; path = PhotoLibrary.swift; sourceTree = "<group>"; };
		E31617B425ED56C600BE29B5 /* PhotoGridTests.xctest */ = {isa = PBXFileReference; explicitFileType = wrapper.cfbundle; includeInIndex = 0; path = PhotoGridTests.xctest; sourceTree = BUILT_PRODUCTS_DIR; };
		E31617B625ED56C700BE29B5 /* PhotoStoreTests.swift */ = {isa = PBXFileReference; lastKnownFileType = sourcecode.swift; path = PhotoStoreTests.swift; sourceTree = "<group>"; };
		E31617B825ED56C700BE29B5 /* Info.plist */ = {isa = PBXFileReference; lastKnownFileType = text.plist.xml; path = Info.plist; sourceTree = "<group>"; };
		E31617C525ED574700BE29B5 /* PhotoGridUITests.xctest */ = {isa = PBXFileReference; explicitFileType = wrapper.cfbundle; includeInIndex = 0; path = PhotoGridUITests.xctest; sourceTree = BUILT_PRODUCTS_DIR; };
		E31617C725ED574700BE29B5 /* PhotoGridUITests.swift */ = {isa = PBXFileReference; lastKnownFileType = sourcecode.swift; path = PhotoGridUITests.swift; sourceTree = "<group>"; };
		E31617C925ED574700BE29B5 /* Info.plist */ = {isa = PBXFileReference; lastKnownFileType = text.plist.xml; path = Info.plist; sourceTree = "<group>"; };
		E319904025E6EB90005D5C43 /* PhotoGridApp.swift */ = {isa = PBXFileReference; lastKnownFileType = sourcecode.swift; path = PhotoGridApp.swift; sourceTree = "<group>"; };
		E319904225E6EB96005D5C43 /* Assets.xcassets */ = {isa = PBXFileReference; lastKnownFileType = folder.assetcatalog; path = Assets.xcassets; sourceTree = "<group>"; };
		E319904725E6EB96005D5C43 /* PhotoGrid.app */ = {isa = PBXFileReference; explicitFileType = wrapper.application; includeInIndex = 0; path = PhotoGrid.app; sourceTree = BUILT_PRODUCTS_DIR; };
		E319904A25E6EB96005D5C43 /* Info.plist */ = {isa = PBXFileReference; lastKnownFileType = text.plist.xml; path = Info.plist; sourceTree = "<group>"; };
		E319909225E6F93E005D5C43 /* Photo.swift */ = {isa = PBXFileReference; lastKnownFileType = sourcecode.swift; path = Photo.swift; sourceTree = "<group>"; };
		E319909A25E72B0D005D5C43 /* ImagePicker.swift */ = {isa = PBXFileReference; lastKnownFileType = sourcecode.swift; path = ImagePicker.swift; sourceTree = "<group>"; };
		E31990A725E7E8D7005D5C43 /* PhotoStore.swift */ = {isa = PBXFileReference; lastKnownFileType = sourcecode.swift; path = PhotoStore.swift; sourceTree = "<group>"; };
		E385999525ED61BA00838573 /* FavoriteStoreTests.swift */ = {isa = PBXFileReference; lastKnownFileType = sourcecode.swift; path = FavoriteStoreTests.swift; sourceTree = "<group>"; };
		E38599F825EEC50900838573 /* UIDevice+isSimulator.swift */ = {isa = PBXFileReference; lastKnownFileType = sourcecode.swift; path = "UIDevice+isSimulator.swift"; sourceTree = "<group>"; };
		E3C85B8825E96F6A0038798C /* Message.swift */ = {isa = PBXFileReference; lastKnownFileType = sourcecode.swift; path = Message.swift; sourceTree = "<group>"; };
		E3C85B9225E9D0760038798C /* DetailPhotoView.swift */ = {isa = PBXFileReference; lastKnownFileType = sourcecode.swift; path = DetailPhotoView.swift; sourceTree = "<group>"; };
		E3C85BA125E9DE700038798C /* FavoritesView.swift */ = {isa = PBXFileReference; lastKnownFileType = sourcecode.swift; path = FavoritesView.swift; sourceTree = "<group>"; };
		E3C85BA725EABA9B0038798C /* DetailsHeaderView.swift */ = {isa = PBXFileReference; lastKnownFileType = sourcecode.swift; path = DetailsHeaderView.swift; sourceTree = "<group>"; };
		E3CE6E0A25EACF0F009E7C18 /* HomeView.swift */ = {isa = PBXFileReference; lastKnownFileType = sourcecode.swift; path = HomeView.swift; sourceTree = "<group>"; };
		E3CE6E1425EACFA1009E7C18 /* HomeViewModel.swift */ = {isa = PBXFileReference; lastKnownFileType = sourcecode.swift; path = HomeViewModel.swift; sourceTree = "<group>"; };
		E3CE6E1A25EADCE7009E7C18 /* PHAsset+withImageRequest.swift */ = {isa = PBXFileReference; lastKnownFileType = sourcecode.swift; path = "PHAsset+withImageRequest.swift"; sourceTree = "<group>"; };
		E3CE6E2025EAE884009E7C18 /* FavoriteStore.swift */ = {isa = PBXFileReference; lastKnownFileType = sourcecode.swift; path = FavoriteStore.swift; sourceTree = "<group>"; };
/* End PBXFileReference section */

/* Begin PBXFrameworksBuildPhase section */
		E31617B125ED56C600BE29B5 /* Frameworks */ = {
			isa = PBXFrameworksBuildPhase;
			buildActionMask = 2147483647;
			files = (
			);
			runOnlyForDeploymentPostprocessing = 0;
		};
		E31617C225ED574700BE29B5 /* Frameworks */ = {
			isa = PBXFrameworksBuildPhase;
			buildActionMask = 2147483647;
			files = (
			);
			runOnlyForDeploymentPostprocessing = 0;
		};
		E319904425E6EB96005D5C43 /* Frameworks */ = {
			isa = PBXFrameworksBuildPhase;
			buildActionMask = 2147483647;
			files = (
				5D0941B9F44D11C667BDD052 /* Pods_PhotoGrid__iOS_.framework in Frameworks */,
			);
			runOnlyForDeploymentPostprocessing = 0;
		};
/* End PBXFrameworksBuildPhase section */

/* Begin PBXGroup section */
		8546FD9AA1CAA402C8243F48 /* Frameworks */ = {
			isa = PBXGroup;
			children = (
				0C0E9A89A1B5C17AEBC8D067 /* Pods_PhotoGrid__iOS_.framework */,
			);
			name = Frameworks;
			sourceTree = "<group>";
		};
		B1F032788773A2FB8C5160C8 /* Pods */ = {
			isa = PBXGroup;
			children = (
				76DE5340726828712EA23CC8 /* Pods-PhotoGrid (iOS).debug.xcconfig */,
				B873461FD85D90E393FBBDF9 /* Pods-PhotoGrid (iOS).release.xcconfig */,
			);
			path = Pods;
			sourceTree = "<group>";
		};
		E31617B525ED56C700BE29B5 /* PhotoGridTests */ = {
			isa = PBXGroup;
			children = (
				E31617DE25ED602300BE29B5 /* Store */,
				E31617B825ED56C700BE29B5 /* Info.plist */,
			);
			path = PhotoGridTests;
			sourceTree = "<group>";
		};
		E31617C625ED574700BE29B5 /* PhotoGridUITests */ = {
			isa = PBXGroup;
			children = (
				E31617C725ED574700BE29B5 /* PhotoGridUITests.swift */,
				E31617C925ED574700BE29B5 /* Info.plist */,
			);
			path = PhotoGridUITests;
			sourceTree = "<group>";
		};
		E31617DE25ED602300BE29B5 /* Store */ = {
			isa = PBXGroup;
			children = (
				E31617B625ED56C700BE29B5 /* PhotoStoreTests.swift */,
				E385999525ED61BA00838573 /* FavoriteStoreTests.swift */,
			);
			path = Store;
			sourceTree = "<group>";
		};
		E319903A25E6EB90005D5C43 = {
			isa = PBXGroup;
			children = (
				E319903F25E6EB90005D5C43 /* Shared */,
				E319904925E6EB96005D5C43 /* iOS */,
				E31617B525ED56C700BE29B5 /* PhotoGridTests */,
				E31617C625ED574700BE29B5 /* PhotoGridUITests */,
				E319904825E6EB96005D5C43 /* Products */,
				B1F032788773A2FB8C5160C8 /* Pods */,
				8546FD9AA1CAA402C8243F48 /* Frameworks */,
			);
			sourceTree = "<group>";
		};
		E319903F25E6EB90005D5C43 /* Shared */ = {
			isa = PBXGroup;
			children = (
				E385999A25ED78E300838573 /* Repository */,
				E3C85B9C25E9DA990038798C /* Extensions */,
				E31990A625E7E8B7005D5C43 /* Store */,
				E319909825E72AC5005D5C43 /* Representables */,
				E319909125E6F914005D5C43 /* Models */,
				E319908125E6EC0A005D5C43 /* Views */,
				E319904025E6EB90005D5C43 /* PhotoGridApp.swift */,
				E319904225E6EB96005D5C43 /* Assets.xcassets */,
			);
			path = Shared;
			sourceTree = "<group>";
		};
		E319904825E6EB96005D5C43 /* Products */ = {
			isa = PBXGroup;
			children = (
				E319904725E6EB96005D5C43 /* PhotoGrid.app */,
				E31617B425ED56C600BE29B5 /* PhotoGridTests.xctest */,
				E31617C525ED574700BE29B5 /* PhotoGridUITests.xctest */,
			);
			name = Products;
			sourceTree = "<group>";
		};
		E319904925E6EB96005D5C43 /* iOS */ = {
			isa = PBXGroup;
			children = (
				E319904A25E6EB96005D5C43 /* Info.plist */,
			);
			path = iOS;
			sourceTree = "<group>";
		};
		E319908125E6EC0A005D5C43 /* Views */ = {
			isa = PBXGroup;
			children = (
				E3C85B9225E9D0760038798C /* DetailPhotoView.swift */,
				E3C85BA125E9DE700038798C /* FavoritesView.swift */,
				E3C85BA725EABA9B0038798C /* DetailsHeaderView.swift */,
				E3CE6E0A25EACF0F009E7C18 /* HomeView.swift */,
				E3CE6E1425EACFA1009E7C18 /* HomeViewModel.swift */,
			);
			path = Views;
			sourceTree = "<group>";
		};
		E319909125E6F914005D5C43 /* Models */ = {
			isa = PBXGroup;
			children = (
				E319909225E6F93E005D5C43 /* Photo.swift */,
				E3C85B8825E96F6A0038798C /* Message.swift */,
			);
			path = Models;
			sourceTree = "<group>";
		};
		E319909825E72AC5005D5C43 /* Representables */ = {
			isa = PBXGroup;
			children = (
				E319909925E72AE6005D5C43 /* Image */,
			);
			path = Representables;
			sourceTree = "<group>";
		};
		E319909925E72AE6005D5C43 /* Image */ = {
			isa = PBXGroup;
			children = (
				E319909A25E72B0D005D5C43 /* ImagePicker.swift */,
			);
			path = Image;
			sourceTree = "<group>";
		};
		E31990A625E7E8B7005D5C43 /* Store */ = {
			isa = PBXGroup;
			children = (
				E31990A725E7E8D7005D5C43 /* PhotoStore.swift */,
				E3CE6E2025EAE884009E7C18 /* FavoriteStore.swift */,
			);
			path = Store;
			sourceTree = "<group>";
		};
		E385999A25ED78E300838573 /* Repository */ = {
			isa = PBXGroup;
			children = (
				E38599A125ED80A600838573 /* Implementations */,
				E38599A025ED807400838573 /* Protocols */,
			);
			path = Repository;
			sourceTree = "<group>";
		};
		E38599A025ED807400838573 /* Protocols */ = {
			isa = PBXGroup;
			children = (
				E300A7D525F5789A009E42F7 /* PhotoLibraryProtocol.swift */,
			);
			path = Protocols;
			sourceTree = "<group>";
		};
		E38599A125ED80A600838573 /* Implementations */ = {
			isa = PBXGroup;
			children = (
				E300A7DA25F578A6009E42F7 /* PhotoLibrary.swift */,
			);
			path = Implementations;
			sourceTree = "<group>";
		};
		E3C85B9C25E9DA990038798C /* Extensions */ = {
			isa = PBXGroup;
			children = (
				E3CE6E1A25EADCE7009E7C18 /* PHAsset+withImageRequest.swift */,
				E38599F825EEC50900838573 /* UIDevice+isSimulator.swift */,
			);
			path = Extensions;
			sourceTree = "<group>";
		};
/* End PBXGroup section */

/* Begin PBXNativeTarget section */
		E31617B325ED56C600BE29B5 /* PhotoGridTests */ = {
			isa = PBXNativeTarget;
			buildConfigurationList = E31617BB25ED56C700BE29B5 /* Build configuration list for PBXNativeTarget "PhotoGridTests" */;
			buildPhases = (
				E31617B025ED56C600BE29B5 /* Sources */,
				E31617B125ED56C600BE29B5 /* Frameworks */,
				E31617B225ED56C600BE29B5 /* Resources */,
			);
			buildRules = (
			);
			dependencies = (
				E31617BA25ED56C700BE29B5 /* PBXTargetDependency */,
			);
			name = PhotoGridTests;
			productName = PhotoGridTests;
			productReference = E31617B425ED56C600BE29B5 /* PhotoGridTests.xctest */;
			productType = "com.apple.product-type.bundle.unit-test";
		};
		E31617C425ED574700BE29B5 /* PhotoGridUITests */ = {
			isa = PBXNativeTarget;
			buildConfigurationList = E31617CC25ED574700BE29B5 /* Build configuration list for PBXNativeTarget "PhotoGridUITests" */;
			buildPhases = (
				E31617C125ED574700BE29B5 /* Sources */,
				E31617C225ED574700BE29B5 /* Frameworks */,
				E31617C325ED574700BE29B5 /* Resources */,
				E31617DA25ED578C00BE29B5 /* ShellScript */,
			);
			buildRules = (
			);
			dependencies = (
				E31617CB25ED574700BE29B5 /* PBXTargetDependency */,
			);
			name = PhotoGridUITests;
			productName = PhotoGridUITests;
			productReference = E31617C525ED574700BE29B5 /* PhotoGridUITests.xctest */;
			productType = "com.apple.product-type.bundle.ui-testing";
		};
		E319904625E6EB96005D5C43 /* PhotoGrid (iOS) */ = {
			isa = PBXNativeTarget;
			buildConfigurationList = E319907125E6EB96005D5C43 /* Build configuration list for PBXNativeTarget "PhotoGrid (iOS)" */;
			buildPhases = (
				8971CA423426EF91F0F323F1 /* [CP] Check Pods Manifest.lock */,
				E3EB8E5825EFD6540038C1E4 /* SwiftLint */,
				E319904325E6EB96005D5C43 /* Sources */,
				E319904425E6EB96005D5C43 /* Frameworks */,
				E319904525E6EB96005D5C43 /* Resources */,
			);
			buildRules = (
			);
			dependencies = (
			);
			name = "PhotoGrid (iOS)";
			productName = "PhotoGrid (iOS)";
			productReference = E319904725E6EB96005D5C43 /* PhotoGrid.app */;
			productType = "com.apple.product-type.application";
		};
/* End PBXNativeTarget section */

/* Begin PBXProject section */
		E319903B25E6EB90005D5C43 /* Project object */ = {
			isa = PBXProject;
			attributes = {
				LastSwiftUpdateCheck = 1240;
				LastUpgradeCheck = 1240;
				TargetAttributes = {
					E31617B325ED56C600BE29B5 = {
						CreatedOnToolsVersion = 12.4;
						TestTargetID = E319904625E6EB96005D5C43;
					};
					E31617C425ED574700BE29B5 = {
						CreatedOnToolsVersion = 12.4;
						TestTargetID = E319904625E6EB96005D5C43;
					};
					E319904625E6EB96005D5C43 = {
						CreatedOnToolsVersion = 12.4;
					};
				};
			};
			buildConfigurationList = E319903E25E6EB90005D5C43 /* Build configuration list for PBXProject "PhotoGrid" */;
			compatibilityVersion = "Xcode 9.3";
			developmentRegion = en;
			hasScannedForEncodings = 0;
			knownRegions = (
				en,
				Base,
			);
			mainGroup = E319903A25E6EB90005D5C43;
			productRefGroup = E319904825E6EB96005D5C43 /* Products */;
			projectDirPath = "";
			projectRoot = "";
			targets = (
				E319904625E6EB96005D5C43 /* PhotoGrid (iOS) */,
				E31617B325ED56C600BE29B5 /* PhotoGridTests */,
				E31617C425ED574700BE29B5 /* PhotoGridUITests */,
			);
		};
/* End PBXProject section */

/* Begin PBXResourcesBuildPhase section */
		E31617B225ED56C600BE29B5 /* Resources */ = {
			isa = PBXResourcesBuildPhase;
			buildActionMask = 2147483647;
			files = (
			);
			runOnlyForDeploymentPostprocessing = 0;
		};
		E31617C325ED574700BE29B5 /* Resources */ = {
			isa = PBXResourcesBuildPhase;
			buildActionMask = 2147483647;
			files = (
			);
			runOnlyForDeploymentPostprocessing = 0;
		};
		E319904525E6EB96005D5C43 /* Resources */ = {
			isa = PBXResourcesBuildPhase;
			buildActionMask = 2147483647;
			files = (
				E319906D25E6EB96005D5C43 /* Assets.xcassets in Resources */,
			);
			runOnlyForDeploymentPostprocessing = 0;
		};
/* End PBXResourcesBuildPhase section */

/* Begin PBXShellScriptBuildPhase section */
		8971CA423426EF91F0F323F1 /* [CP] Check Pods Manifest.lock */ = {
			isa = PBXShellScriptBuildPhase;
			buildActionMask = 2147483647;
			files = (
			);
			inputFileListPaths = (
			);
			inputPaths = (
				"${PODS_PODFILE_DIR_PATH}/Podfile.lock",
				"${PODS_ROOT}/Manifest.lock",
			);
			name = "[CP] Check Pods Manifest.lock";
			outputFileListPaths = (
			);
			outputPaths = (
				"$(DERIVED_FILE_DIR)/Pods-PhotoGrid (iOS)-checkManifestLockResult.txt",
			);
			runOnlyForDeploymentPostprocessing = 0;
			shellPath = /bin/sh;
			shellScript = "diff \"${PODS_PODFILE_DIR_PATH}/Podfile.lock\" \"${PODS_ROOT}/Manifest.lock\" > /dev/null\nif [ $? != 0 ] ; then\n    # print error to STDERR\n    echo \"error: The sandbox is not in sync with the Podfile.lock. Run 'pod install' or update your CocoaPods installation.\" >&2\n    exit 1\nfi\n# This output is used by Xcode 'outputs' to avoid re-running this script phase.\necho \"SUCCESS\" > \"${SCRIPT_OUTPUT_FILE_0}\"\n";
			showEnvVarsInLog = 0;
		};
		E31617DA25ED578C00BE29B5 /* ShellScript */ = {
			isa = PBXShellScriptBuildPhase;
			buildActionMask = 2147483647;
			files = (
			);
			inputFileListPaths = (
			);
			inputPaths = (
			);
			outputFileListPaths = (
			);
			outputPaths = (
			);
			runOnlyForDeploymentPostprocessing = 0;
			shellPath = /bin/sh;
			shellScript = "xcrun simctl boot ${TARGET_DEVICE_IDENTIFIER}\nxcrun simctl uninstall ${TARGET_DEVICE_IDENTIFIER} lucas.PhotoGrid\n";
		};
		E3EB8E5825EFD6540038C1E4 /* SwiftLint */ = {
			isa = PBXShellScriptBuildPhase;
			buildActionMask = 2147483647;
			files = (
			);
			inputFileListPaths = (
			);
			inputPaths = (
			);
			name = SwiftLint;
			outputFileListPaths = (
			);
			outputPaths = (
			);
			runOnlyForDeploymentPostprocessing = 0;
			shellPath = /bin/sh;
			shellScript = "if which swiftlint >/dev/null; then\n  swiftlint\nelse\n  echo \"warning: SwiftLint not installed, download from https://github.com/realm/SwiftLint\"\nfi\n";
		};
/* End PBXShellScriptBuildPhase section */

/* Begin PBXSourcesBuildPhase section */
		E31617B025ED56C600BE29B5 /* Sources */ = {
			isa = PBXSourcesBuildPhase;
			buildActionMask = 2147483647;
			files = (
				E31617B725ED56C700BE29B5 /* PhotoStoreTests.swift in Sources */,
				E385999625ED61BA00838573 /* FavoriteStoreTests.swift in Sources */,
			);
			runOnlyForDeploymentPostprocessing = 0;
		};
		E31617C125ED574700BE29B5 /* Sources */ = {
			isa = PBXSourcesBuildPhase;
			buildActionMask = 2147483647;
			files = (
				E31617C825ED574700BE29B5 /* PhotoGridUITests.swift in Sources */,
			);
			runOnlyForDeploymentPostprocessing = 0;
		};
		E319904325E6EB96005D5C43 /* Sources */ = {
			isa = PBXSourcesBuildPhase;
			buildActionMask = 2147483647;
			files = (
				E300A7D625F5789A009E42F7 /* PhotoLibraryProtocol.swift in Sources */,
				E3C85BA825EABA9B0038798C /* DetailsHeaderView.swift in Sources */,
				E319909325E6F93E005D5C43 /* Photo.swift in Sources */,
				E3C85B9325E9D0760038798C /* DetailPhotoView.swift in Sources */,
				E3CE6E1525EACFA1009E7C18 /* HomeViewModel.swift in Sources */,
				E3CE6E0B25EACF0F009E7C18 /* HomeView.swift in Sources */,
				E31990A825E7E8D7005D5C43 /* PhotoStore.swift in Sources */,
				E300A7DB25F578A6009E42F7 /* PhotoLibrary.swift in Sources */,
				E3C85BA225E9DE700038798C /* FavoritesView.swift in Sources */,
				E3CE6E2125EAE884009E7C18 /* FavoriteStore.swift in Sources */,
				E319909B25E72B0D005D5C43 /* ImagePicker.swift in Sources */,
				E38599F925EEC50900838573 /* UIDevice+isSimulator.swift in Sources */,
				E3CE6E1B25EADCE7009E7C18 /* PHAsset+withImageRequest.swift in Sources */,
				E319906925E6EB96005D5C43 /* PhotoGridApp.swift in Sources */,
				E3C85B8925E96F6A0038798C /* Message.swift in Sources */,
			);
			runOnlyForDeploymentPostprocessing = 0;
		};
/* End PBXSourcesBuildPhase section */

/* Begin PBXTargetDependency section */
		E31617BA25ED56C700BE29B5 /* PBXTargetDependency */ = {
			isa = PBXTargetDependency;
			target = E319904625E6EB96005D5C43 /* PhotoGrid (iOS) */;
			targetProxy = E31617B925ED56C700BE29B5 /* PBXContainerItemProxy */;
		};
		E31617CB25ED574700BE29B5 /* PBXTargetDependency */ = {
			isa = PBXTargetDependency;
			target = E319904625E6EB96005D5C43 /* PhotoGrid (iOS) */;
			targetProxy = E31617CA25ED574700BE29B5 /* PBXContainerItemProxy */;
		};
/* End PBXTargetDependency section */

/* Begin XCBuildConfiguration section */
		E31617BC25ED56C700BE29B5 /* Debug */ = {
			isa = XCBuildConfiguration;
			buildSettings = {
				BUNDLE_LOADER = "$(TEST_HOST)";
				CODE_SIGN_STYLE = Automatic;
				DEVELOPMENT_TEAM = 6B36S74UH9;
				INFOPLIST_FILE = PhotoGridTests/Info.plist;
				IPHONEOS_DEPLOYMENT_TARGET = 14.4;
				LD_RUNPATH_SEARCH_PATHS = (
					"$(inherited)",
					"@executable_path/Frameworks",
					"@loader_path/Frameworks",
				);
				PRODUCT_BUNDLE_IDENTIFIER = lucas.PhotoGridTests;
				PRODUCT_NAME = "$(TARGET_NAME)";
				SDKROOT = iphoneos;
				SWIFT_VERSION = 5.0;
				TARGETED_DEVICE_FAMILY = "1,2";
				TEST_HOST = "$(BUILT_PRODUCTS_DIR)/PhotoGrid.app/PhotoGrid";
			};
			name = Debug;
		};
		E31617BD25ED56C700BE29B5 /* Release */ = {
			isa = XCBuildConfiguration;
			buildSettings = {
				BUNDLE_LOADER = "$(TEST_HOST)";
				CODE_SIGN_STYLE = Automatic;
				DEVELOPMENT_TEAM = 6B36S74UH9;
				INFOPLIST_FILE = PhotoGridTests/Info.plist;
				IPHONEOS_DEPLOYMENT_TARGET = 14.4;
				LD_RUNPATH_SEARCH_PATHS = (
					"$(inherited)",
					"@executable_path/Frameworks",
					"@loader_path/Frameworks",
				);
				PRODUCT_BUNDLE_IDENTIFIER = lucas.PhotoGridTests;
				PRODUCT_NAME = "$(TARGET_NAME)";
				SDKROOT = iphoneos;
				SWIFT_VERSION = 5.0;
				TARGETED_DEVICE_FAMILY = "1,2";
				TEST_HOST = "$(BUILT_PRODUCTS_DIR)/PhotoGrid.app/PhotoGrid";
				VALIDATE_PRODUCT = YES;
			};
			name = Release;
		};
		E31617CD25ED574700BE29B5 /* Debug */ = {
			isa = XCBuildConfiguration;
			buildSettings = {
				CODE_SIGN_STYLE = Automatic;
				DEVELOPMENT_TEAM = 6B36S74UH9;
				INFOPLIST_FILE = PhotoGridUITests/Info.plist;
				IPHONEOS_DEPLOYMENT_TARGET = 14.4;
				LD_RUNPATH_SEARCH_PATHS = (
					"$(inherited)",
					"@executable_path/Frameworks",
					"@loader_path/Frameworks",
				);
				PRODUCT_BUNDLE_IDENTIFIER = lucas.PhotoGridUITests;
				PRODUCT_NAME = "$(TARGET_NAME)";
				SDKROOT = iphoneos;
				SWIFT_VERSION = 5.0;
				TARGETED_DEVICE_FAMILY = "1,2";
				TEST_TARGET_NAME = "PhotoGrid (iOS)";
			};
			name = Debug;
		};
		E31617CE25ED574700BE29B5 /* Release */ = {
			isa = XCBuildConfiguration;
			buildSettings = {
				CODE_SIGN_STYLE = Automatic;
				DEVELOPMENT_TEAM = 6B36S74UH9;
				INFOPLIST_FILE = PhotoGridUITests/Info.plist;
				IPHONEOS_DEPLOYMENT_TARGET = 14.4;
				LD_RUNPATH_SEARCH_PATHS = (
					"$(inherited)",
					"@executable_path/Frameworks",
					"@loader_path/Frameworks",
				);
				PRODUCT_BUNDLE_IDENTIFIER = lucas.PhotoGridUITests;
				PRODUCT_NAME = "$(TARGET_NAME)";
				SDKROOT = iphoneos;
				SWIFT_VERSION = 5.0;
				TARGETED_DEVICE_FAMILY = "1,2";
				TEST_TARGET_NAME = "PhotoGrid (iOS)";
				VALIDATE_PRODUCT = YES;
			};
			name = Release;
		};
		E319906F25E6EB96005D5C43 /* Debug */ = {
			isa = XCBuildConfiguration;
			buildSettings = {
				ALWAYS_SEARCH_USER_PATHS = NO;
				CLANG_ANALYZER_NONNULL = YES;
				CLANG_ANALYZER_NUMBER_OBJECT_CONVERSION = YES_AGGRESSIVE;
				CLANG_CXX_LANGUAGE_STANDARD = "gnu++14";
				CLANG_CXX_LIBRARY = "libc++";
				CLANG_ENABLE_MODULES = YES;
				CLANG_ENABLE_OBJC_ARC = YES;
				CLANG_ENABLE_OBJC_WEAK = YES;
				CLANG_WARN_BLOCK_CAPTURE_AUTORELEASING = YES;
				CLANG_WARN_BOOL_CONVERSION = YES;
				CLANG_WARN_COMMA = YES;
				CLANG_WARN_CONSTANT_CONVERSION = YES;
				CLANG_WARN_DEPRECATED_OBJC_IMPLEMENTATIONS = YES;
				CLANG_WARN_DIRECT_OBJC_ISA_USAGE = YES_ERROR;
				CLANG_WARN_DOCUMENTATION_COMMENTS = YES;
				CLANG_WARN_EMPTY_BODY = YES;
				CLANG_WARN_ENUM_CONVERSION = YES;
				CLANG_WARN_INFINITE_RECURSION = YES;
				CLANG_WARN_INT_CONVERSION = YES;
				CLANG_WARN_NON_LITERAL_NULL_CONVERSION = YES;
				CLANG_WARN_OBJC_IMPLICIT_RETAIN_SELF = YES;
				CLANG_WARN_OBJC_LITERAL_CONVERSION = YES;
				CLANG_WARN_OBJC_ROOT_CLASS = YES_ERROR;
				CLANG_WARN_QUOTED_INCLUDE_IN_FRAMEWORK_HEADER = YES;
				CLANG_WARN_RANGE_LOOP_ANALYSIS = YES;
				CLANG_WARN_STRICT_PROTOTYPES = YES;
				CLANG_WARN_SUSPICIOUS_MOVE = YES;
				CLANG_WARN_UNGUARDED_AVAILABILITY = YES_AGGRESSIVE;
				CLANG_WARN_UNREACHABLE_CODE = YES;
				CLANG_WARN__DUPLICATE_METHOD_MATCH = YES;
				COPY_PHASE_STRIP = NO;
				DEBUG_INFORMATION_FORMAT = dwarf;
				ENABLE_STRICT_OBJC_MSGSEND = YES;
				ENABLE_TESTABILITY = YES;
				GCC_C_LANGUAGE_STANDARD = gnu11;
				GCC_DYNAMIC_NO_PIC = NO;
				GCC_NO_COMMON_BLOCKS = YES;
				GCC_OPTIMIZATION_LEVEL = 0;
				GCC_PREPROCESSOR_DEFINITIONS = (
					"DEBUG=1",
					"$(inherited)",
				);
				GCC_WARN_64_TO_32_BIT_CONVERSION = YES;
				GCC_WARN_ABOUT_RETURN_TYPE = YES_ERROR;
				GCC_WARN_UNDECLARED_SELECTOR = YES;
				GCC_WARN_UNINITIALIZED_AUTOS = YES_AGGRESSIVE;
				GCC_WARN_UNUSED_FUNCTION = YES;
				GCC_WARN_UNUSED_VARIABLE = YES;
				MTL_ENABLE_DEBUG_INFO = INCLUDE_SOURCE;
				MTL_FAST_MATH = YES;
				ONLY_ACTIVE_ARCH = YES;
				SWIFT_ACTIVE_COMPILATION_CONDITIONS = DEBUG;
				SWIFT_OPTIMIZATION_LEVEL = "-Onone";
			};
			name = Debug;
		};
		E319907025E6EB96005D5C43 /* Release */ = {
			isa = XCBuildConfiguration;
			buildSettings = {
				ALWAYS_SEARCH_USER_PATHS = NO;
				CLANG_ANALYZER_NONNULL = YES;
				CLANG_ANALYZER_NUMBER_OBJECT_CONVERSION = YES_AGGRESSIVE;
				CLANG_CXX_LANGUAGE_STANDARD = "gnu++14";
				CLANG_CXX_LIBRARY = "libc++";
				CLANG_ENABLE_MODULES = YES;
				CLANG_ENABLE_OBJC_ARC = YES;
				CLANG_ENABLE_OBJC_WEAK = YES;
				CLANG_WARN_BLOCK_CAPTURE_AUTORELEASING = YES;
				CLANG_WARN_BOOL_CONVERSION = YES;
				CLANG_WARN_COMMA = YES;
				CLANG_WARN_CONSTANT_CONVERSION = YES;
				CLANG_WARN_DEPRECATED_OBJC_IMPLEMENTATIONS = YES;
				CLANG_WARN_DIRECT_OBJC_ISA_USAGE = YES_ERROR;
				CLANG_WARN_DOCUMENTATION_COMMENTS = YES;
				CLANG_WARN_EMPTY_BODY = YES;
				CLANG_WARN_ENUM_CONVERSION = YES;
				CLANG_WARN_INFINITE_RECURSION = YES;
				CLANG_WARN_INT_CONVERSION = YES;
				CLANG_WARN_NON_LITERAL_NULL_CONVERSION = YES;
				CLANG_WARN_OBJC_IMPLICIT_RETAIN_SELF = YES;
				CLANG_WARN_OBJC_LITERAL_CONVERSION = YES;
				CLANG_WARN_OBJC_ROOT_CLASS = YES_ERROR;
				CLANG_WARN_QUOTED_INCLUDE_IN_FRAMEWORK_HEADER = YES;
				CLANG_WARN_RANGE_LOOP_ANALYSIS = YES;
				CLANG_WARN_STRICT_PROTOTYPES = YES;
				CLANG_WARN_SUSPICIOUS_MOVE = YES;
				CLANG_WARN_UNGUARDED_AVAILABILITY = YES_AGGRESSIVE;
				CLANG_WARN_UNREACHABLE_CODE = YES;
				CLANG_WARN__DUPLICATE_METHOD_MATCH = YES;
				COPY_PHASE_STRIP = NO;
				DEBUG_INFORMATION_FORMAT = "dwarf-with-dsym";
				ENABLE_NS_ASSERTIONS = NO;
				ENABLE_STRICT_OBJC_MSGSEND = YES;
				GCC_C_LANGUAGE_STANDARD = gnu11;
				GCC_NO_COMMON_BLOCKS = YES;
				GCC_WARN_64_TO_32_BIT_CONVERSION = YES;
				GCC_WARN_ABOUT_RETURN_TYPE = YES_ERROR;
				GCC_WARN_UNDECLARED_SELECTOR = YES;
				GCC_WARN_UNINITIALIZED_AUTOS = YES_AGGRESSIVE;
				GCC_WARN_UNUSED_FUNCTION = YES;
				GCC_WARN_UNUSED_VARIABLE = YES;
				MTL_ENABLE_DEBUG_INFO = NO;
				MTL_FAST_MATH = YES;
				SWIFT_COMPILATION_MODE = wholemodule;
				SWIFT_OPTIMIZATION_LEVEL = "-O";
			};
			name = Release;
		};
		E319907225E6EB96005D5C43 /* Debug */ = {
			isa = XCBuildConfiguration;
			baseConfigurationReference = 76DE5340726828712EA23CC8 /* Pods-PhotoGrid (iOS).debug.xcconfig */;
			buildSettings = {
				ASSETCATALOG_COMPILER_APPICON_NAME = AppIcon;
				ASSETCATALOG_COMPILER_GLOBAL_ACCENT_COLOR_NAME = AccentColor;
				CODE_SIGN_STYLE = Automatic;
				DEVELOPMENT_TEAM = 6B36S74UH9;
				ENABLE_PREVIEWS = YES;
				INFOPLIST_FILE = iOS/Info.plist;
				IPHONEOS_DEPLOYMENT_TARGET = 14.0;
				LD_RUNPATH_SEARCH_PATHS = (
					"$(inherited)",
					"@executable_path/Frameworks",
				);
				OTHER_SWIFT_FLAGS = "";
				"OTHER_SWIFT_FLAGS[sdk=iphonesimulator*]" = "-D IOS_SIMULATOR";
				PRODUCT_BUNDLE_IDENTIFIER = lucas.PhotoGrid;
				PRODUCT_NAME = PhotoGrid;
				SDKROOT = iphoneos;
				SWIFT_VERSION = 5.0;
				TARGETED_DEVICE_FAMILY = 1;
			};
			name = Debug;
		};
		E319907325E6EB96005D5C43 /* Release */ = {
			isa = XCBuildConfiguration;
			baseConfigurationReference = B873461FD85D90E393FBBDF9 /* Pods-PhotoGrid (iOS).release.xcconfig */;
			buildSettings = {
				ASSETCATALOG_COMPILER_APPICON_NAME = AppIcon;
				ASSETCATALOG_COMPILER_GLOBAL_ACCENT_COLOR_NAME = AccentColor;
				CODE_SIGN_STYLE = Automatic;
				DEVELOPMENT_TEAM = 6B36S74UH9;
				ENABLE_PREVIEWS = YES;
				INFOPLIST_FILE = iOS/Info.plist;
				IPHONEOS_DEPLOYMENT_TARGET = 14.0;
				LD_RUNPATH_SEARCH_PATHS = (
					"$(inherited)",
					"@executable_path/Frameworks",
				);
				OTHER_SWIFT_FLAGS = "";
				PRODUCT_BUNDLE_IDENTIFIER = lucas.PhotoGrid;
				PRODUCT_NAME = PhotoGrid;
				SDKROOT = iphoneos;
				SWIFT_VERSION = 5.0;
				TARGETED_DEVICE_FAMILY = 1;
				VALIDATE_PRODUCT = YES;
			};
			name = Release;
		};
/* End XCBuildConfiguration section */

/* Begin XCConfigurationList section */
		E31617BB25ED56C700BE29B5 /* Build configuration list for PBXNativeTarget "PhotoGridTests" */ = {
			isa = XCConfigurationList;
			buildConfigurations = (
				E31617BC25ED56C700BE29B5 /* Debug */,
				E31617BD25ED56C700BE29B5 /* Release */,
			);
			defaultConfigurationIsVisible = 0;
			defaultConfigurationName = Release;
		};
		E31617CC25ED574700BE29B5 /* Build configuration list for PBXNativeTarget "PhotoGridUITests" */ = {
			isa = XCConfigurationList;
			buildConfigurations = (
				E31617CD25ED574700BE29B5 /* Debug */,
				E31617CE25ED574700BE29B5 /* Release */,
			);
			defaultConfigurationIsVisible = 0;
			defaultConfigurationName = Release;
		};
		E319903E25E6EB90005D5C43 /* Build configuration list for PBXProject "PhotoGrid" */ = {
			isa = XCConfigurationList;
			buildConfigurations = (
				E319906F25E6EB96005D5C43 /* Debug */,
				E319907025E6EB96005D5C43 /* Release */,
			);
			defaultConfigurationIsVisible = 0;
			defaultConfigurationName = Release;
		};
		E319907125E6EB96005D5C43 /* Build configuration list for PBXNativeTarget "PhotoGrid (iOS)" */ = {
			isa = XCConfigurationList;
			buildConfigurations = (
				E319907225E6EB96005D5C43 /* Debug */,
				E319907325E6EB96005D5C43 /* Release */,
			);
			defaultConfigurationIsVisible = 0;
			defaultConfigurationName = Release;
		};
/* End XCConfigurationList section */
	};
	rootObject = E319903B25E6EB90005D5C43 /* Project object */;
}
